PODS:
  - SlideMenuControllerSwift (4.0.0)
  - SwiftIconFont (2.8.0)

DEPENDENCIES:
  - SlideMenuControllerSwift
  - SwiftIconFont

SPEC REPOS:
  https://github.com/CocoaPods/Specs.git:
    - SlideMenuControllerSwift
    - SwiftIconFont

SPEC CHECKSUMS:
  SlideMenuControllerSwift: 021d6318201c53d4d4d3710517d43d6c556c7dd0
  SwiftIconFont: ddaccaa3bb90fc21ebc528cfdf793342618a5cc2

PODFILE CHECKSUM: 04977d576482c6a3cacfec6b6189cc4a39468614

COCOAPODS: 1.5.0
