PODS:
  - Iconic (1.3)

DEPENDENCIES:
  - Iconic (from `https://github.com/zvving/Iconic.git`, branch `pod_config`)

EXTERNAL SOURCES:
  Iconic:
    :branch: pod_config
    :git: https://github.com/zvving/Iconic.git

CHECKOUT OPTIONS:
  Iconic:
    :commit: 9e9be59f4b84c0eadbd312282c35043cd9530aae
    :git: https://github.com/zvving/Iconic.git

SPEC CHECKSUMS:
  Iconic: 873ea0979c8180f9a16e2f25a94ead9cfc1a1951

PODFILE CHECKSUM: 1aa48bcab29d8acc4b911f19283a82925077e53f

COCOAPODS: 1.5.0
