// !$*UTF8*$!
{
	archiveVersion = 1;
	classes = {
	};
	objectVersion = 48;
	objects = {

/* Begin PBXBuildFile section */
		0488EABE1FE7A2C50080F6F1 /* TabViewController.swift in Sources */ = {isa = PBXBuildFile; fileRef = 0488EABD1FE7A2C50080F6F1 /* TabViewController.swift */; };
		0488EAC01FE7A4CE0080F6F1 /* CustomTabbarController.swift in Sources */ = {isa = PBXBuildFile; fileRef = 0488EABF1FE7A4CE0080F6F1 /* CustomTabbarController.swift */; };
		04A3D3DC1FEA0F3F00B26746 /* Constants.swift in Sources */ = {isa = PBXBuildFile; fileRef = 04A3D3DB1FEA0F3F00B26746 /* Constants.swift */; };
		04C8663D1FE3674C00FCEB8F /* TextViewController.swift in Sources */ = {isa = PBXBuildFile; fileRef = 04C8663C1FE3674C00FCEB8F /* TextViewController.swift */; };
		04C866401FE3762D00FCEB8F /* ScrollViewController.swift in Sources */ = {isa = PBXBuildFile; fileRef = 04C8663F1FE3762D00FCEB8F /* ScrollViewController.swift */; };
		04C866421FE3797700FCEB8F /* NormalViewController.swift in Sources */ = {isa = PBXBuildFile; fileRef = 04C866411FE3797700FCEB8F /* NormalViewController.swift */; };
		04C8B8261FE2558000C481CA /* ViewController.swift in Sources */ = {isa = PBXBuildFile; fileRef = 04C8B8251FE2558000C481CA /* ViewController.swift */; };
		04C8B8291FE2649800C481CA /* ButtonController.swift in Sources */ = {isa = PBXBuildFile; fileRef = 04C8B8281FE2649800C481CA /* ButtonController.swift */; };
		04C8B82C1FE2793700C481CA /* ImageViewController.swift in Sources */ = {isa = PBXBuildFile; fileRef = 04C8B82B1FE2793700C481CA /* ImageViewController.swift */; };
		04E400E71FE9056D008C55E1 /* NetworkingTableController.swift in Sources */ = {isa = PBXBuildFile; fileRef = 04E400E61FE9056D008C55E1 /* NetworkingTableController.swift */; };
		04E400E91FE90FE6008C55E1 /* BasicNetworkingController.swift in Sources */ = {isa = PBXBuildFile; fileRef = 04E400E81FE90FE6008C55E1 /* BasicNetworkingController.swift */; };
		6E0480691FE53B9600FB27AB /* PageViewController.swift in Sources */ = {isa = PBXBuildFile; fileRef = 6E0480681FE53B9600FB27AB /* PageViewController.swift */; };
		6E04806C1FE575CF00FB27AB /* CollectionViewController.swift in Sources */ = {isa = PBXBuildFile; fileRef = 6E04806B1FE575CF00FB27AB /* CollectionViewController.swift */; };
		6E04806E1FE57DBA00FB27AB /* CollectionViewCell.swift in Sources */ = {isa = PBXBuildFile; fileRef = 6E04806D1FE57DBA00FB27AB /* CollectionViewCell.swift */; };
		6E0480701FE5884700FB27AB /* Model.swift in Sources */ = {isa = PBXBuildFile; fileRef = 6E04806F1FE5884700FB27AB /* Model.swift */; };
		6E07A73C1FE6685B0077ADFF /* WindowController.swift in Sources */ = {isa = PBXBuildFile; fileRef = 6E07A73B1FE6685B0077ADFF /* WindowController.swift */; };
		6E098F4E1FE1773F008A97D0 /* AppDelegate.swift in Sources */ = {isa = PBXBuildFile; fileRef = 6E098F4D1FE1773F008A97D0 /* AppDelegate.swift */; };
		6E098F531FE1773F008A97D0 /* Main.storyboard in Resources */ = {isa = PBXBuildFile; fileRef = 6E098F511FE1773F008A97D0 /* Main.storyboard */; };
		6E098F551FE1773F008A97D0 /* Assets.xcassets in Resources */ = {isa = PBXBuildFile; fileRef = 6E098F541FE1773F008A97D0 /* Assets.xcassets */; };
		6E098F581FE1773F008A97D0 /* LaunchScreen.storyboard in Resources */ = {isa = PBXBuildFile; fileRef = 6E098F561FE1773F008A97D0 /* LaunchScreen.storyboard */; };
		6E098F611FE178C4008A97D0 /* LabelController.swift in Sources */ = {isa = PBXBuildFile; fileRef = 6E098F601FE178C4008A97D0 /* LabelController.swift */; };
		6E116E401FE2CAD000A1A478 /* TextFieldController.swift in Sources */ = {isa = PBXBuildFile; fileRef = 6E116E3F1FE2CAD000A1A478 /* TextFieldController.swift */; };
		6E17A5182025187000BE4DD3 /* ProductModel.swift in Sources */ = {isa = PBXBuildFile; fileRef = 6E17A5172025187000BE4DD3 /* ProductModel.swift */; };
		6E17A51E20251BC000BE4DD3 /* HomeViewController.swift in Sources */ = {isa = PBXBuildFile; fileRef = 6E17A51D20251BC000BE4DD3 /* HomeViewController.swift */; };
		6E17A520202521C000BE4DD3 /* HomeViewController+Extension.swift in Sources */ = {isa = PBXBuildFile; fileRef = 6E17A51F202521C000BE4DD3 /* HomeViewController+Extension.swift */; };
		6E17A5222025246C00BE4DD3 /* HomeCell.swift in Sources */ = {isa = PBXBuildFile; fileRef = 6E17A5212025246C00BE4DD3 /* HomeCell.swift */; };
		6E17A5282025963600BE4DD3 /* CartViewController.swift in Sources */ = {isa = PBXBuildFile; fileRef = 6E17A5272025963600BE4DD3 /* CartViewController.swift */; };
		6E17A52A20259A5800BE4DD3 /* CartViewController+Extension.swift in Sources */ = {isa = PBXBuildFile; fileRef = 6E17A52920259A5800BE4DD3 /* CartViewController+Extension.swift */; };
		6E17A52C20259AB800BE4DD3 /* CardCell.swift in Sources */ = {isa = PBXBuildFile; fileRef = 6E17A52B20259AB800BE4DD3 /* CardCell.swift */; };
		6E2035882026AEBC00E287A9 /* OldPriceLabel.swift in Sources */ = {isa = PBXBuildFile; fileRef = 6E2035872026AEBC00E287A9 /* OldPriceLabel.swift */; };
		6E48AC3E1FE615B50058ECBB /* CollectionReusableViewHeader.swift in Sources */ = {isa = PBXBuildFile; fileRef = 6E48AC3D1FE615B50058ECBB /* CollectionReusableViewHeader.swift */; };
		6E48AC401FE615D10058ECBB /* CollectionReusableViewFooter.swift in Sources */ = {isa = PBXBuildFile; fileRef = 6E48AC3F1FE615D10058ECBB /* CollectionReusableViewFooter.swift */; };
		6ED0042C2024B8E400CF5DC6 /* Assets.xcassets in Resources */ = {isa = PBXBuildFile; fileRef = 6ED0042B2024B8E400CF5DC6 /* Assets.xcassets */; };
		6ED0042F2024B98500CF5DC6 /* ProductsViewController.swift in Sources */ = {isa = PBXBuildFile; fileRef = 6ED0042E2024B98500CF5DC6 /* ProductsViewController.swift */; };
/* End PBXBuildFile section */

/* Begin PBXFileReference section */
		0488EABD1FE7A2C50080F6F1 /* TabViewController.swift */ = {isa = PBXFileReference; lastKnownFileType = sourcecode.swift; path = TabViewController.swift; sourceTree = "<group>"; };
		0488EABF1FE7A4CE0080F6F1 /* CustomTabbarController.swift */ = {isa = PBXFileReference; lastKnownFileType = sourcecode.swift; path = CustomTabbarController.swift; sourceTree = "<group>"; };
		04A3D3DB1FEA0F3F00B26746 /* Constants.swift */ = {isa = PBXFileReference; lastKnownFileType = sourcecode.swift; path = Constants.swift; sourceTree = "<group>"; };
		04C8663C1FE3674C00FCEB8F /* TextViewController.swift */ = {isa = PBXFileReference; lastKnownFileType = sourcecode.swift; path = TextViewController.swift; sourceTree = "<group>"; };
		04C8663F1FE3762D00FCEB8F /* ScrollViewController.swift */ = {isa = PBXFileReference; lastKnownFileType = sourcecode.swift; path = ScrollViewController.swift; sourceTree = "<group>"; };
		04C866411FE3797700FCEB8F /* NormalViewController.swift */ = {isa = PBXFileReference; lastKnownFileType = sourcecode.swift; path = NormalViewController.swift; sourceTree = "<group>"; };
		04C8B8251FE2558000C481CA /* ViewController.swift */ = {isa = PBXFileReference; lastKnownFileType = sourcecode.swift; path = ViewController.swift; sourceTree = "<group>"; };
		04C8B8281FE2649800C481CA /* ButtonController.swift */ = {isa = PBXFileReference; lastKnownFileType = sourcecode.swift; path = ButtonController.swift; sourceTree = "<group>"; };
		04C8B82B1FE2793700C481CA /* ImageViewController.swift */ = {isa = PBXFileReference; lastKnownFileType = sourcecode.swift; path = ImageViewController.swift; sourceTree = "<group>"; };
		04E400E61FE9056D008C55E1 /* NetworkingTableController.swift */ = {isa = PBXFileReference; lastKnownFileType = sourcecode.swift; path = NetworkingTableController.swift; sourceTree = "<group>"; };
		04E400E81FE90FE6008C55E1 /* BasicNetworkingController.swift */ = {isa = PBXFileReference; lastKnownFileType = sourcecode.swift; path = BasicNetworkingController.swift; sourceTree = "<group>"; };
		6E0480681FE53B9600FB27AB /* PageViewController.swift */ = {isa = PBXFileReference; lastKnownFileType = sourcecode.swift; path = PageViewController.swift; sourceTree = "<group>"; };
		6E04806B1FE575CF00FB27AB /* CollectionViewController.swift */ = {isa = PBXFileReference; lastKnownFileType = sourcecode.swift; path = CollectionViewController.swift; sourceTree = "<group>"; };
		6E04806D1FE57DBA00FB27AB /* CollectionViewCell.swift */ = {isa = PBXFileReference; lastKnownFileType = sourcecode.swift; path = CollectionViewCell.swift; sourceTree = "<group>"; };
		6E04806F1FE5884700FB27AB /* Model.swift */ = {isa = PBXFileReference; lastKnownFileType = sourcecode.swift; path = Model.swift; sourceTree = "<group>"; };
		6E07A73B1FE6685B0077ADFF /* WindowController.swift */ = {isa = PBXFileReference; lastKnownFileType = sourcecode.swift; path = WindowController.swift; sourceTree = "<group>"; };
		6E098F4A1FE1773F008A97D0 /* orange_fruits_ios_programming.app */ = {isa = PBXFileReference; explicitFileType = wrapper.application; includeInIndex = 0; path = orange_fruits_ios_programming.app; sourceTree = BUILT_PRODUCTS_DIR; };
		6E098F4D1FE1773F008A97D0 /* AppDelegate.swift */ = {isa = PBXFileReference; lastKnownFileType = sourcecode.swift; path = AppDelegate.swift; sourceTree = "<group>"; };
		6E098F521FE1773F008A97D0 /* Base */ = {isa = PBXFileReference; lastKnownFileType = file.storyboard; name = Base; path = Base.lproj/Main.storyboard; sourceTree = "<group>"; };
		6E098F541FE1773F008A97D0 /* Assets.xcassets */ = {isa = PBXFileReference; lastKnownFileType = folder.assetcatalog; path = Assets.xcassets; sourceTree = "<group>"; };
		6E098F571FE1773F008A97D0 /* Base */ = {isa = PBXFileReference; lastKnownFileType = file.storyboard; name = Base; path = Base.lproj/LaunchScreen.storyboard; sourceTree = "<group>"; };
		6E098F591FE1773F008A97D0 /* Info.plist */ = {isa = PBXFileReference; lastKnownFileType = text.plist.xml; path = Info.plist; sourceTree = "<group>"; };
		6E098F601FE178C4008A97D0 /* LabelController.swift */ = {isa = PBXFileReference; lastKnownFileType = sourcecode.swift; path = LabelController.swift; sourceTree = "<group>"; };
		6E116E3F1FE2CAD000A1A478 /* TextFieldController.swift */ = {isa = PBXFileReference; lastKnownFileType = sourcecode.swift; path = TextFieldController.swift; sourceTree = "<group>"; };
		6E17A5172025187000BE4DD3 /* ProductModel.swift */ = {isa = PBXFileReference; lastKnownFileType = sourcecode.swift; path = ProductModel.swift; sourceTree = "<group>"; };
		6E17A51D20251BC000BE4DD3 /* HomeViewController.swift */ = {isa = PBXFileReference; lastKnownFileType = sourcecode.swift; path = HomeViewController.swift; sourceTree = "<group>"; };
		6E17A51F202521C000BE4DD3 /* HomeViewController+Extension.swift */ = {isa = PBXFileReference; lastKnownFileType = sourcecode.swift; path = "HomeViewController+Extension.swift"; sourceTree = "<group>"; };
		6E17A5212025246C00BE4DD3 /* HomeCell.swift */ = {isa = PBXFileReference; lastKnownFileType = sourcecode.swift; path = HomeCell.swift; sourceTree = "<group>"; };
		6E17A5272025963600BE4DD3 /* CartViewController.swift */ = {isa = PBXFileReference; lastKnownFileType = sourcecode.swift; path = CartViewController.swift; sourceTree = "<group>"; };
		6E17A52920259A5800BE4DD3 /* CartViewController+Extension.swift */ = {isa = PBXFileReference; lastKnownFileType = sourcecode.swift; path = "CartViewController+Extension.swift"; sourceTree = "<group>"; };
		6E17A52B20259AB800BE4DD3 /* CardCell.swift */ = {isa = PBXFileReference; lastKnownFileType = sourcecode.swift; path = CardCell.swift; sourceTree = "<group>"; };
		6E2035872026AEBC00E287A9 /* OldPriceLabel.swift */ = {isa = PBXFileReference; lastKnownFileType = sourcecode.swift; path = OldPriceLabel.swift; sourceTree = "<group>"; };
		6E48AC3D1FE615B50058ECBB /* CollectionReusableViewHeader.swift */ = {isa = PBXFileReference; lastKnownFileType = sourcecode.swift; path = CollectionReusableViewHeader.swift; sourceTree = "<group>"; };
		6E48AC3F1FE615D10058ECBB /* CollectionReusableViewFooter.swift */ = {isa = PBXFileReference; lastKnownFileType = sourcecode.swift; path = CollectionReusableViewFooter.swift; sourceTree = "<group>"; };
		6ED0042B2024B8E400CF5DC6 /* Assets.xcassets */ = {isa = PBXFileReference; lastKnownFileType = folder.assetcatalog; path = Assets.xcassets; sourceTree = "<group>"; };
		6ED0042E2024B98500CF5DC6 /* ProductsViewController.swift */ = {isa = PBXFileReference; lastKnownFileType = sourcecode.swift; path = ProductsViewController.swift; sourceTree = "<group>"; };
/* End PBXFileReference section */

/* Begin PBXFrameworksBuildPhase section */
		6E098F471FE1773F008A97D0 /* Frameworks */ = {
			isa = PBXFrameworksBuildPhase;
			buildActionMask = 2147483647;
			files = (
			);
			runOnlyForDeploymentPostprocessing = 0;
		};
/* End PBXFrameworksBuildPhase section */

/* Begin PBXGroup section */
		0488EAB91FE7A22A0080F6F1 /* Controller */ = {
			isa = PBXGroup;
			children = (
				0488EABC1FE7A2910080F6F1 /* Tabbar */,
			);
			path = Controller;
			sourceTree = "<group>";
		};
		0488EABC1FE7A2910080F6F1 /* Tabbar */ = {
			isa = PBXGroup;
			children = (
				0488EABD1FE7A2C50080F6F1 /* TabViewController.swift */,
				0488EABF1FE7A4CE0080F6F1 /* CustomTabbarController.swift */,
			);
			path = Tabbar;
			sourceTree = "<group>";
		};
		04C8663B1FE3673200FCEB8F /* TextView */ = {
			isa = PBXGroup;
			children = (
				04C8663C1FE3674C00FCEB8F /* TextViewController.swift */,
			);
			path = TextView;
			sourceTree = "<group>";
		};
		04C8663E1FE375A700FCEB8F /* ScrollView */ = {
			isa = PBXGroup;
			children = (
				04C8663F1FE3762D00FCEB8F /* ScrollViewController.swift */,
				04C866411FE3797700FCEB8F /* NormalViewController.swift */,
				6E0480681FE53B9600FB27AB /* PageViewController.swift */,
			);
			path = ScrollView;
			sourceTree = "<group>";
		};
		04C8B8241FE2554A00C481CA /* View */ = {
			isa = PBXGroup;
			children = (
				04C8B8251FE2558000C481CA /* ViewController.swift */,
			);
			path = View;
			sourceTree = "<group>";
		};
		04C8B8271FE2647000C481CA /* Button */ = {
			isa = PBXGroup;
			children = (
				04C8B8281FE2649800C481CA /* ButtonController.swift */,
			);
			path = Button;
			sourceTree = "<group>";
		};
		04C8B82A1FE278DC00C481CA /* ImageView */ = {
			isa = PBXGroup;
			children = (
				04C8B82B1FE2793700C481CA /* ImageViewController.swift */,
			);
			path = ImageView;
			sourceTree = "<group>";
		};
		04E400E51FE90509008C55E1 /* Networking */ = {
			isa = PBXGroup;
			children = (
				04E400E61FE9056D008C55E1 /* NetworkingTableController.swift */,
				04E400E81FE90FE6008C55E1 /* BasicNetworkingController.swift */,
				04A3D3DB1FEA0F3F00B26746 /* Constants.swift */,
			);
			path = Networking;
			sourceTree = "<group>";
		};
		6E04806A1FE575B500FB27AB /* CollectionView */ = {
			isa = PBXGroup;
			children = (
				6E04806B1FE575CF00FB27AB /* CollectionViewController.swift */,
				6E04806D1FE57DBA00FB27AB /* CollectionViewCell.swift */,
				6E04806F1FE5884700FB27AB /* Model.swift */,
				6E48AC3D1FE615B50058ECBB /* CollectionReusableViewHeader.swift */,
				6E48AC3F1FE615D10058ECBB /* CollectionReusableViewFooter.swift */,
			);
			path = CollectionView;
			sourceTree = "<group>";
		};
		6E07A73A1FE668110077ADFF /* Window */ = {
			isa = PBXGroup;
			children = (
				6E07A73B1FE6685B0077ADFF /* WindowController.swift */,
			);
			path = Window;
			sourceTree = "<group>";
		};
		6E098F411FE1773F008A97D0 = {
			isa = PBXGroup;
			children = (
				6E098F4C1FE1773F008A97D0 /* orange_fruits_ios_programming */,
				6E098F4B1FE1773F008A97D0 /* Products */,
			);
			sourceTree = "<group>";
		};
		6E098F4B1FE1773F008A97D0 /* Products */ = {
			isa = PBXGroup;
			children = (
				6E098F4A1FE1773F008A97D0 /* orange_fruits_ios_programming.app */,
			);
			name = Products;
			sourceTree = "<group>";
		};
		6E098F4C1FE1773F008A97D0 /* orange_fruits_ios_programming */ = {
			isa = PBXGroup;
			children = (
				6ED0042A2024B8BA00CF5DC6 /* Resources */,
				6ED004292024B82900CF5DC6 /* Shop */,
				6E098F4D1FE1773F008A97D0 /* AppDelegate.swift */,
				04E400E51FE90509008C55E1 /* Networking */,
				0488EAB91FE7A22A0080F6F1 /* Controller */,
				6E116E3D1FE2C69600A1A478 /* UIKit */,
				6E098F511FE1773F008A97D0 /* Main.storyboard */,
				6E098F541FE1773F008A97D0 /* Assets.xcassets */,
				6E098F561FE1773F008A97D0 /* LaunchScreen.storyboard */,
				6E098F591FE1773F008A97D0 /* Info.plist */,
			);
			path = orange_fruits_ios_programming;
			sourceTree = "<group>";
		};
		6E098F5F1FE178A5008A97D0 /* Label */ = {
			isa = PBXGroup;
			children = (
				6E098F601FE178C4008A97D0 /* LabelController.swift */,
			);
			path = Label;
			sourceTree = "<group>";
		};
		6E116E3D1FE2C69600A1A478 /* UIKit */ = {
			isa = PBXGroup;
			children = (
				6E07A73A1FE668110077ADFF /* Window */,
				6E04806A1FE575B500FB27AB /* CollectionView */,
				04C8663E1FE375A700FCEB8F /* ScrollView */,
				04C8663B1FE3673200FCEB8F /* TextView */,
				6E116E3E1FE2CAA600A1A478 /* TextField */,
				6E098F5F1FE178A5008A97D0 /* Label */,
				04C8B8241FE2554A00C481CA /* View */,
				04C8B8271FE2647000C481CA /* Button */,
				04C8B82A1FE278DC00C481CA /* ImageView */,
			);
			path = UIKit;
			sourceTree = "<group>";
		};
		6E116E3E1FE2CAA600A1A478 /* TextField */ = {
			isa = PBXGroup;
			children = (
				6E116E3F1FE2CAD000A1A478 /* TextFieldController.swift */,
			);
			path = TextField;
			sourceTree = "<group>";
		};
		6E17A5162025184300BE4DD3 /* Models */ = {
			isa = PBXGroup;
			children = (
				6E17A5172025187000BE4DD3 /* ProductModel.swift */,
			);
			path = Models;
			sourceTree = "<group>";
		};
		6E17A51920251B8A00BE4DD3 /* Home */ = {
			isa = PBXGroup;
			children = (
				6E17A51C20251BAC00BE4DD3 /* Views */,
				6E17A51B20251BA500BE4DD3 /* Models */,
				6E17A51A20251B9E00BE4DD3 /* Controllers */,
			);
			path = Home;
			sourceTree = "<group>";
		};
		6E17A51A20251B9E00BE4DD3 /* Controllers */ = {
			isa = PBXGroup;
			children = (
				6E17A51D20251BC000BE4DD3 /* HomeViewController.swift */,
				6E17A51F202521C000BE4DD3 /* HomeViewController+Extension.swift */,
			);
			path = Controllers;
			sourceTree = "<group>";
		};
		6E17A51B20251BA500BE4DD3 /* Models */ = {
			isa = PBXGroup;
			children = (
			);
			path = Models;
			sourceTree = "<group>";
		};
		6E17A51C20251BAC00BE4DD3 /* Views */ = {
			isa = PBXGroup;
			children = (
				6E17A5212025246C00BE4DD3 /* HomeCell.swift */,
			);
			path = Views;
			sourceTree = "<group>";
		};
		6E17A523202595C300BE4DD3 /* Cart */ = {
			isa = PBXGroup;
			children = (
				6E17A526202595DF00BE4DD3 /* Models */,
				6E17A525202595D400BE4DD3 /* Views */,
				6E17A524202595CC00BE4DD3 /* Controllers */,
			);
			path = Cart;
			sourceTree = "<group>";
		};
		6E17A524202595CC00BE4DD3 /* Controllers */ = {
			isa = PBXGroup;
			children = (
				6E17A5272025963600BE4DD3 /* CartViewController.swift */,
				6E17A52920259A5800BE4DD3 /* CartViewController+Extension.swift */,
			);
			path = Controllers;
			sourceTree = "<group>";
		};
		6E17A525202595D400BE4DD3 /* Views */ = {
			isa = PBXGroup;
			children = (
				6E17A52B20259AB800BE4DD3 /* CardCell.swift */,
				6E2035872026AEBC00E287A9 /* OldPriceLabel.swift */,
			);
			path = Views;
			sourceTree = "<group>";
		};
		6E17A526202595DF00BE4DD3 /* Models */ = {
			isa = PBXGroup;
			children = (
			);
			path = Models;
			sourceTree = "<group>";
		};
		6ED004292024B82900CF5DC6 /* Shop */ = {
			isa = PBXGroup;
			children = (
				6E17A523202595C300BE4DD3 /* Cart */,
				6E17A51920251B8A00BE4DD3 /* Home */,
				6E17A5162025184300BE4DD3 /* Models */,
				6ED0042D2024B90E00CF5DC6 /* Controllers */,
			);
			path = Shop;
			sourceTree = "<group>";
		};
		6ED0042A2024B8BA00CF5DC6 /* Resources */ = {
			isa = PBXGroup;
			children = (
				6ED0042B2024B8E400CF5DC6 /* Assets.xcassets */,
			);
			path = Resources;
			sourceTree = "<group>";
		};
		6ED0042D2024B90E00CF5DC6 /* Controllers */ = {
			isa = PBXGroup;
			children = (
				6ED0042E2024B98500CF5DC6 /* ProductsViewController.swift */,
			);
			path = Controllers;
			sourceTree = "<group>";
		};
/* End PBXGroup section */

/* Begin PBXNativeTarget section */
		6E098F491FE1773F008A97D0 /* orange_fruits_ios_programming */ = {
			isa = PBXNativeTarget;
			buildConfigurationList = 6E098F5C1FE1773F008A97D0 /* Build configuration list for PBXNativeTarget "orange_fruits_ios_programming" */;
			buildPhases = (
				6E098F461FE1773F008A97D0 /* Sources */,
				6E098F471FE1773F008A97D0 /* Frameworks */,
				6E098F481FE1773F008A97D0 /* Resources */,
			);
			buildRules = (
			);
			dependencies = (
			);
			name = orange_fruits_ios_programming;
			productName = orange_fruits_ios_programming;
			productReference = 6E098F4A1FE1773F008A97D0 /* orange_fruits_ios_programming.app */;
			productType = "com.apple.product-type.application";
		};
/* End PBXNativeTarget section */

/* Begin PBXProject section */
		6E098F421FE1773F008A97D0 /* Project object */ = {
			isa = PBXProject;
			attributes = {
				LastSwiftUpdateCheck = 0920;
				LastUpgradeCheck = 0920;
				ORGANIZATIONNAME = "Thien Tran";
				TargetAttributes = {
					6E098F491FE1773F008A97D0 = {
						CreatedOnToolsVersion = 9.2;
						ProvisioningStyle = Automatic;
					};
				};
			};
			buildConfigurationList = 6E098F451FE1773F008A97D0 /* Build configuration list for PBXProject "orange_fruits_ios_programming" */;
			compatibilityVersion = "Xcode 8.0";
			developmentRegion = en;
			hasScannedForEncodings = 0;
			knownRegions = (
				en,
				Base,
			);
			mainGroup = 6E098F411FE1773F008A97D0;
			productRefGroup = 6E098F4B1FE1773F008A97D0 /* Products */;
			projectDirPath = "";
			projectRoot = "";
			targets = (
				6E098F491FE1773F008A97D0 /* orange_fruits_ios_programming */,
			);
		};
/* End PBXProject section */

/* Begin PBXResourcesBuildPhase section */
		6E098F481FE1773F008A97D0 /* Resources */ = {
			isa = PBXResourcesBuildPhase;
			buildActionMask = 2147483647;
			files = (
				6E098F581FE1773F008A97D0 /* LaunchScreen.storyboard in Resources */,
				6E098F551FE1773F008A97D0 /* Assets.xcassets in Resources */,
				6ED0042C2024B8E400CF5DC6 /* Assets.xcassets in Resources */,
				6E098F531FE1773F008A97D0 /* Main.storyboard in Resources */,
			);
			runOnlyForDeploymentPostprocessing = 0;
		};
/* End PBXResourcesBuildPhase section */

/* Begin PBXSourcesBuildPhase section */
		6E098F461FE1773F008A97D0 /* Sources */ = {
			isa = PBXSourcesBuildPhase;
			buildActionMask = 2147483647;
			files = (
				6E17A520202521C000BE4DD3 /* HomeViewController+Extension.swift in Sources */,
				04C8B8261FE2558000C481CA /* ViewController.swift in Sources */,
				6E17A52A20259A5800BE4DD3 /* CartViewController+Extension.swift in Sources */,
				6E0480691FE53B9600FB27AB /* PageViewController.swift in Sources */,
				6E48AC401FE615D10058ECBB /* CollectionReusableViewFooter.swift in Sources */,
				6E48AC3E1FE615B50058ECBB /* CollectionReusableViewHeader.swift in Sources */,
				6ED0042F2024B98500CF5DC6 /* ProductsViewController.swift in Sources */,
				6E17A5222025246C00BE4DD3 /* HomeCell.swift in Sources */,
				6E04806E1FE57DBA00FB27AB /* CollectionViewCell.swift in Sources */,
				04C8B8291FE2649800C481CA /* ButtonController.swift in Sources */,
				6E2035882026AEBC00E287A9 /* OldPriceLabel.swift in Sources */,
				6E17A52C20259AB800BE4DD3 /* CardCell.swift in Sources */,
				04C8B82C1FE2793700C481CA /* ImageViewController.swift in Sources */,
				04C866401FE3762D00FCEB8F /* ScrollViewController.swift in Sources */,
				6E0480701FE5884700FB27AB /* Model.swift in Sources */,
				0488EABE1FE7A2C50080F6F1 /* TabViewController.swift in Sources */,
				6E17A51E20251BC000BE4DD3 /* HomeViewController.swift in Sources */,
				6E116E401FE2CAD000A1A478 /* TextFieldController.swift in Sources */,
				6E098F611FE178C4008A97D0 /* LabelController.swift in Sources */,
				04E400E71FE9056D008C55E1 /* NetworkingTableController.swift in Sources */,
				04C8663D1FE3674C00FCEB8F /* TextViewController.swift in Sources */,
				04A3D3DC1FEA0F3F00B26746 /* Constants.swift in Sources */,
				04C866421FE3797700FCEB8F /* NormalViewController.swift in Sources */,
				6E07A73C1FE6685B0077ADFF /* WindowController.swift in Sources */,
				6E17A5182025187000BE4DD3 /* ProductModel.swift in Sources */,
				04E400E91FE90FE6008C55E1 /* BasicNetworkingController.swift in Sources */,
				6E098F4E1FE1773F008A97D0 /* AppDelegate.swift in Sources */,
				0488EAC01FE7A4CE0080F6F1 /* CustomTabbarController.swift in Sources */,
				6E17A5282025963600BE4DD3 /* CartViewController.swift in Sources */,
				6E04806C1FE575CF00FB27AB /* CollectionViewController.swift in Sources */,
			);
			runOnlyForDeploymentPostprocessing = 0;
		};
/* End PBXSourcesBuildPhase section */

/* Begin PBXVariantGroup section */
		6E098F511FE1773F008A97D0 /* Main.storyboard */ = {
			isa = PBXVariantGroup;
			children = (
				6E098F521FE1773F008A97D0 /* Base */,
			);
			name = Main.storyboard;
			sourceTree = "<group>";
		};
		6E098F561FE1773F008A97D0 /* LaunchScreen.storyboard */ = {
			isa = PBXVariantGroup;
			children = (
				6E098F571FE1773F008A97D0 /* Base */,
			);
			name = LaunchScreen.storyboard;
			sourceTree = "<group>";
		};
/* End PBXVariantGroup section */

/* Begin XCBuildConfiguration section */
		6E098F5A1FE1773F008A97D0 /* Debug */ = {
			isa = XCBuildConfiguration;
			buildSettings = {
				ALWAYS_SEARCH_USER_PATHS = NO;
				CLANG_ANALYZER_NONNULL = YES;
				CLANG_ANALYZER_NUMBER_OBJECT_CONVERSION = YES_AGGRESSIVE;
				CLANG_CXX_LANGUAGE_STANDARD = "gnu++14";
				CLANG_CXX_LIBRARY = "libc++";
				CLANG_ENABLE_MODULES = YES;
				CLANG_ENABLE_OBJC_ARC = YES;
				CLANG_WARN_BLOCK_CAPTURE_AUTORELEASING = YES;
				CLANG_WARN_BOOL_CONVERSION = YES;
				CLANG_WARN_COMMA = YES;
				CLANG_WARN_CONSTANT_CONVERSION = YES;
				CLANG_WARN_DIRECT_OBJC_ISA_USAGE = YES_ERROR;
				CLANG_WARN_DOCUMENTATION_COMMENTS = YES;
				CLANG_WARN_EMPTY_BODY = YES;
				CLANG_WARN_ENUM_CONVERSION = YES;
				CLANG_WARN_INFINITE_RECURSION = YES;
				CLANG_WARN_INT_CONVERSION = YES;
				CLANG_WARN_NON_LITERAL_NULL_CONVERSION = YES;
				CLANG_WARN_OBJC_LITERAL_CONVERSION = YES;
				CLANG_WARN_OBJC_ROOT_CLASS = YES_ERROR;
				CLANG_WARN_RANGE_LOOP_ANALYSIS = YES;
				CLANG_WARN_STRICT_PROTOTYPES = YES;
				CLANG_WARN_SUSPICIOUS_MOVE = YES;
				CLANG_WARN_UNGUARDED_AVAILABILITY = YES_AGGRESSIVE;
				CLANG_WARN_UNREACHABLE_CODE = YES;
				CLANG_WARN__DUPLICATE_METHOD_MATCH = YES;
				CODE_SIGN_IDENTITY = "iPhone Developer";
				COPY_PHASE_STRIP = NO;
				DEBUG_INFORMATION_FORMAT = dwarf;
				ENABLE_STRICT_OBJC_MSGSEND = YES;
				ENABLE_TESTABILITY = YES;
				GCC_C_LANGUAGE_STANDARD = gnu11;
				GCC_DYNAMIC_NO_PIC = NO;
				GCC_NO_COMMON_BLOCKS = YES;
				GCC_OPTIMIZATION_LEVEL = 0;
				GCC_PREPROCESSOR_DEFINITIONS = (
					"DEBUG=1",
					"$(inherited)",
				);
				GCC_WARN_64_TO_32_BIT_CONVERSION = YES;
				GCC_WARN_ABOUT_RETURN_TYPE = YES_ERROR;
				GCC_WARN_UNDECLARED_SELECTOR = YES;
				GCC_WARN_UNINITIALIZED_AUTOS = YES_AGGRESSIVE;
				GCC_WARN_UNUSED_FUNCTION = YES;
				GCC_WARN_UNUSED_VARIABLE = YES;
				IPHONEOS_DEPLOYMENT_TARGET = 11.2;
				MTL_ENABLE_DEBUG_INFO = YES;
				ONLY_ACTIVE_ARCH = YES;
				SDKROOT = iphoneos;
				SWIFT_ACTIVE_COMPILATION_CONDITIONS = DEBUG;
				SWIFT_OPTIMIZATION_LEVEL = "-Onone";
			};
			name = Debug;
		};
		6E098F5B1FE1773F008A97D0 /* Release */ = {
			isa = XCBuildConfiguration;
			buildSettings = {
				ALWAYS_SEARCH_USER_PATHS = NO;
				CLANG_ANALYZER_NONNULL = YES;
				CLANG_ANALYZER_NUMBER_OBJECT_CONVERSION = YES_AGGRESSIVE;
				CLANG_CXX_LANGUAGE_STANDARD = "gnu++14";
				CLANG_CXX_LIBRARY = "libc++";
				CLANG_ENABLE_MODULES = YES;
				CLANG_ENABLE_OBJC_ARC = YES;
				CLANG_WARN_BLOCK_CAPTURE_AUTORELEASING = YES;
				CLANG_WARN_BOOL_CONVERSION = YES;
				CLANG_WARN_COMMA = YES;
				CLANG_WARN_CONSTANT_CONVERSION = YES;
				CLANG_WARN_DIRECT_OBJC_ISA_USAGE = YES_ERROR;
				CLANG_WARN_DOCUMENTATION_COMMENTS = YES;
				CLANG_WARN_EMPTY_BODY = YES;
				CLANG_WARN_ENUM_CONVERSION = YES;
				CLANG_WARN_INFINITE_RECURSION = YES;
				CLANG_WARN_INT_CONVERSION = YES;
				CLANG_WARN_NON_LITERAL_NULL_CONVERSION = YES;
				CLANG_WARN_OBJC_LITERAL_CONVERSION = YES;
				CLANG_WARN_OBJC_ROOT_CLASS = YES_ERROR;
				CLANG_WARN_RANGE_LOOP_ANALYSIS = YES;
				CLANG_WARN_STRICT_PROTOTYPES = YES;
				CLANG_WARN_SUSPICIOUS_MOVE = YES;
				CLANG_WARN_UNGUARDED_AVAILABILITY = YES_AGGRESSIVE;
				CLANG_WARN_UNREACHABLE_CODE = YES;
				CLANG_WARN__DUPLICATE_METHOD_MATCH = YES;
				CODE_SIGN_IDENTITY = "iPhone Developer";
				COPY_PHASE_STRIP = NO;
				DEBUG_INFORMATION_FORMAT = "dwarf-with-dsym";
				ENABLE_NS_ASSERTIONS = NO;
				ENABLE_STRICT_OBJC_MSGSEND = YES;
				GCC_C_LANGUAGE_STANDARD = gnu11;
				GCC_NO_COMMON_BLOCKS = YES;
				GCC_WARN_64_TO_32_BIT_CONVERSION = YES;
				GCC_WARN_ABOUT_RETURN_TYPE = YES_ERROR;
				GCC_WARN_UNDECLARED_SELECTOR = YES;
				GCC_WARN_UNINITIALIZED_AUTOS = YES_AGGRESSIVE;
				GCC_WARN_UNUSED_FUNCTION = YES;
				GCC_WARN_UNUSED_VARIABLE = YES;
				IPHONEOS_DEPLOYMENT_TARGET = 11.2;
				MTL_ENABLE_DEBUG_INFO = NO;
				SDKROOT = iphoneos;
				SWIFT_OPTIMIZATION_LEVEL = "-Owholemodule";
				VALIDATE_PRODUCT = YES;
			};
			name = Release;
		};
		6E098F5D1FE1773F008A97D0 /* Debug */ = {
			isa = XCBuildConfiguration;
			buildSettings = {
				ASSETCATALOG_COMPILER_APPICON_NAME = AppIcon;
				CODE_SIGN_STYLE = Automatic;
				INFOPLIST_FILE = orange_fruits_ios_programming/Info.plist;
				LD_RUNPATH_SEARCH_PATHS = "$(inherited) @executable_path/Frameworks";
				PRODUCT_BUNDLE_IDENTIFIER = "com.caicho.orange-fruits-ios-programming";
				PRODUCT_NAME = "$(TARGET_NAME)";
				SWIFT_VERSION = 4.0;
				TARGETED_DEVICE_FAMILY = "1,2";
			};
			name = Debug;
		};
		6E098F5E1FE1773F008A97D0 /* Release */ = {
			isa = XCBuildConfiguration;
			buildSettings = {
				ASSETCATALOG_COMPILER_APPICON_NAME = AppIcon;
				CODE_SIGN_STYLE = Automatic;
				INFOPLIST_FILE = orange_fruits_ios_programming/Info.plist;
				LD_RUNPATH_SEARCH_PATHS = "$(inherited) @executable_path/Frameworks";
				PRODUCT_BUNDLE_IDENTIFIER = "com.caicho.orange-fruits-ios-programming";
				PRODUCT_NAME = "$(TARGET_NAME)";
				SWIFT_VERSION = 4.0;
				TARGETED_DEVICE_FAMILY = "1,2";
			};
			name = Release;
		};
/* End XCBuildConfiguration section */

/* Begin XCConfigurationList section */
		6E098F451FE1773F008A97D0 /* Build configuration list for PBXProject "orange_fruits_ios_programming" */ = {
			isa = XCConfigurationList;
			buildConfigurations = (
				6E098F5A1FE1773F008A97D0 /* Debug */,
				6E098F5B1FE1773F008A97D0 /* Release */,
			);
			defaultConfigurationIsVisible = 0;
			defaultConfigurationName = Release;
		};
		6E098F5C1FE1773F008A97D0 /* Build configuration list for PBXNativeTarget "orange_fruits_ios_programming" */ = {
			isa = XCConfigurationList;
			buildConfigurations = (
				6E098F5D1FE1773F008A97D0 /* Debug */,
				6E098F5E1FE1773F008A97D0 /* Release */,
			);
			defaultConfigurationIsVisible = 0;
			defaultConfigurationName = Release;
		};
/* End XCConfigurationList section */
	};
	rootObject = 6E098F421FE1773F008A97D0 /* Project object */;
}
